// !$*UTF8*$!
{
	archiveVersion = 1;
	classes = {
	};
	objectVersion = 56;
	objects = {

/* Begin PBXBuildFile section */
		1425417C2CA4B8650055B1C4 /* Request.swift in Sources */ = {isa = PBXBuildFile; fileRef = 1425417B2CA4B8650055B1C4 /* Request.swift */; };
		1465C98D2CA6477E00033590 /* HomeView.swift in Sources */ = {isa = PBXBuildFile; fileRef = 1465C98C2CA6477E00033590 /* HomeView.swift */; };
		1465C98F2CA6479200033590 /* RequestView.swift in Sources */ = {isa = PBXBuildFile; fileRef = 1465C98E2CA6479200033590 /* RequestView.swift */; };
		1465C9912CA6542500033590 /* ProfileView.swift in Sources */ = {isa = PBXBuildFile; fileRef = 1465C9902CA6542500033590 /* ProfileView.swift */; };
		1485BB332C60737200EE2E86 /* glassppApp.swift in Sources */ = {isa = PBXBuildFile; fileRef = 1485BB322C60737200EE2E86 /* glassppApp.swift */; };
		1485BB352C60737200EE2E86 /* ContentView.swift in Sources */ = {isa = PBXBuildFile; fileRef = 1485BB342C60737200EE2E86 /* ContentView.swift */; };
		1485BB372C60737500EE2E86 /* Assets.xcassets in Resources */ = {isa = PBXBuildFile; fileRef = 1485BB362C60737500EE2E86 /* Assets.xcassets */; };
		1485BB3A2C60737500EE2E86 /* Preview Assets.xcassets in Resources */ = {isa = PBXBuildFile; fileRef = 1485BB392C60737500EE2E86 /* Preview Assets.xcassets */; };
		1485BB442C60737500EE2E86 /* glassppTests.swift in Sources */ = {isa = PBXBuildFile; fileRef = 1485BB432C60737500EE2E86 /* glassppTests.swift */; };
		1485BB4E2C60737500EE2E86 /* glassppUITests.swift in Sources */ = {isa = PBXBuildFile; fileRef = 1485BB4D2C60737500EE2E86 /* glassppUITests.swift */; };
		1485BB502C60737500EE2E86 /* glassppUITestsLaunchTests.swift in Sources */ = {isa = PBXBuildFile; fileRef = 1485BB4F2C60737500EE2E86 /* glassppUITestsLaunchTests.swift */; };
/* End PBXBuildFile section */

/* Begin PBXContainerItemProxy section */
		1485BB402C60737500EE2E86 /* PBXContainerItemProxy */ = {
			isa = PBXContainerItemProxy;
			containerPortal = 1485BB272C60737200EE2E86 /* Project object */;
			proxyType = 1;
			remoteGlobalIDString = 1485BB2E2C60737200EE2E86;
			remoteInfo = glasspp;
		};
		1485BB4A2C60737500EE2E86 /* PBXContainerItemProxy */ = {
			isa = PBXContainerItemProxy;
			containerPortal = 1485BB272C60737200EE2E86 /* Project object */;
			proxyType = 1;
			remoteGlobalIDString = 1485BB2E2C60737200EE2E86;
			remoteInfo = glasspp;
		};
/* End PBXContainerItemProxy section */

/* Begin PBXFileReference section */
		1425417B2CA4B8650055B1C4 /* Request.swift */ = {isa = PBXFileReference; lastKnownFileType = sourcecode.swift; path = Request.swift; sourceTree = "<group>"; };
		1465C98C2CA6477E00033590 /* HomeView.swift */ = {isa = PBXFileReference; lastKnownFileType = sourcecode.swift; path = HomeView.swift; sourceTree = "<group>"; };
		1465C98E2CA6479200033590 /* RequestView.swift */ = {isa = PBXFileReference; lastKnownFileType = sourcecode.swift; path = RequestView.swift; sourceTree = "<group>"; };
		1465C9902CA6542500033590 /* ProfileView.swift */ = {isa = PBXFileReference; lastKnownFileType = sourcecode.swift; path = ProfileView.swift; sourceTree = "<group>"; };
		1485BB2F2C60737200EE2E86 /* glasspp.app */ = {isa = PBXFileReference; explicitFileType = wrapper.application; includeInIndex = 0; path = glasspp.app; sourceTree = BUILT_PRODUCTS_DIR; };
		1485BB322C60737200EE2E86 /* glassppApp.swift */ = {isa = PBXFileReference; lastKnownFileType = sourcecode.swift; path = glassppApp.swift; sourceTree = "<group>"; };
		1485BB342C60737200EE2E86 /* ContentView.swift */ = {isa = PBXFileReference; lastKnownFileType = sourcecode.swift; path = ContentView.swift; sourceTree = "<group>"; };
		1485BB362C60737500EE2E86 /* Assets.xcassets */ = {isa = PBXFileReference; lastKnownFileType = folder.assetcatalog; path = Assets.xcassets; sourceTree = "<group>"; };
		1485BB392C60737500EE2E86 /* Preview Assets.xcassets */ = {isa = PBXFileReference; lastKnownFileType = folder.assetcatalog; path = "Preview Assets.xcassets"; sourceTree = "<group>"; };
		1485BB3F2C60737500EE2E86 /* glassppTests.xctest */ = {isa = PBXFileReference; explicitFileType = wrapper.cfbundle; includeInIndex = 0; path = glassppTests.xctest; sourceTree = BUILT_PRODUCTS_DIR; };
		1485BB432C60737500EE2E86 /* glassppTests.swift */ = {isa = PBXFileReference; lastKnownFileType = sourcecode.swift; path = glassppTests.swift; sourceTree = "<group>"; };
		1485BB492C60737500EE2E86 /* glassppUITests.xctest */ = {isa = PBXFileReference; explicitFileType = wrapper.cfbundle; includeInIndex = 0; path = glassppUITests.xctest; sourceTree = BUILT_PRODUCTS_DIR; };
		1485BB4D2C60737500EE2E86 /* glassppUITests.swift */ = {isa = PBXFileReference; lastKnownFileType = sourcecode.swift; path = glassppUITests.swift; sourceTree = "<group>"; };
		1485BB4F2C60737500EE2E86 /* glassppUITestsLaunchTests.swift */ = {isa = PBXFileReference; lastKnownFileType = sourcecode.swift; path = glassppUITestsLaunchTests.swift; sourceTree = "<group>"; };
/* End PBXFileReference section */

/* Begin PBXFrameworksBuildPhase section */
		1485BB2C2C60737200EE2E86 /* Frameworks */ = {
			isa = PBXFrameworksBuildPhase;
			buildActionMask = 2147483647;
			files = (
			);
			runOnlyForDeploymentPostprocessing = 0;
		};
		1485BB3C2C60737500EE2E86 /* Frameworks */ = {
			isa = PBXFrameworksBuildPhase;
			buildActionMask = 2147483647;
			files = (
			);
			runOnlyForDeploymentPostprocessing = 0;
		};
		1485BB462C60737500EE2E86 /* Frameworks */ = {
			isa = PBXFrameworksBuildPhase;
			buildActionMask = 2147483647;
			files = (
			);
			runOnlyForDeploymentPostprocessing = 0;
		};
/* End PBXFrameworksBuildPhase section */

/* Begin PBXGroup section */
		1465C98B2CA6475B00033590 /* Views */ = {
			isa = PBXGroup;
			children = (
				1465C98C2CA6477E00033590 /* HomeView.swift */,
				1465C98E2CA6479200033590 /* RequestView.swift */,
				1465C9902CA6542500033590 /* ProfileView.swift */,
			);
			path = Views;
			sourceTree = "<group>";
		};
		1485BB262C60737200EE2E86 = {
			isa = PBXGroup;
			children = (
				1485BB312C60737200EE2E86 /* glasspp */,
				1485BB422C60737500EE2E86 /* glassppTests */,
				1485BB4C2C60737500EE2E86 /* glassppUITests */,
				1485BB302C60737200EE2E86 /* Products */,
			);
			sourceTree = "<group>";
		};
		1485BB302C60737200EE2E86 /* Products */ = {
			isa = PBXGroup;
			children = (
				1485BB2F2C60737200EE2E86 /* glasspp.app */,
				1485BB3F2C60737500EE2E86 /* glassppTests.xctest */,
				1485BB492C60737500EE2E86 /* glassppUITests.xctest */,
			);
			name = Products;
			sourceTree = "<group>";
		};
		1485BB312C60737200EE2E86 /* glasspp */ = {
			isa = PBXGroup;
			children = (
				1465C98B2CA6475B00033590 /* Views */,
				1485BB322C60737200EE2E86 /* glassppApp.swift */,
				1485BB342C60737200EE2E86 /* ContentView.swift */,
				1425417B2CA4B8650055B1C4 /* Request.swift */,
				1485BB362C60737500EE2E86 /* Assets.xcassets */,
				1485BB382C60737500EE2E86 /* Preview Content */,
			);
			path = glasspp;
			sourceTree = "<group>";
		};
		1485BB382C60737500EE2E86 /* Preview Content */ = {
			isa = PBXGroup;
			children = (
				1485BB392C60737500EE2E86 /* Preview Assets.xcassets */,
			);
			path = "Preview Content";
			sourceTree = "<group>";
		};
		1485BB422C60737500EE2E86 /* glassppTests */ = {
			isa = PBXGroup;
			children = (
				1485BB432C60737500EE2E86 /* glassppTests.swift */,
			);
			path = glassppTests;
			sourceTree = "<group>";
		};
		1485BB4C2C60737500EE2E86 /* glassppUITests */ = {
			isa = PBXGroup;
			children = (
				1485BB4D2C60737500EE2E86 /* glassppUITests.swift */,
				1485BB4F2C60737500EE2E86 /* glassppUITestsLaunchTests.swift */,
			);
			path = glassppUITests;
			sourceTree = "<group>";
		};
/* End PBXGroup section */

/* Begin PBXNativeTarget section */
		1485BB2E2C60737200EE2E86 /* glasspp */ = {
			isa = PBXNativeTarget;
			buildConfigurationList = 1485BB532C60737500EE2E86 /* Build configuration list for PBXNativeTarget "glasspp" */;
			buildPhases = (
				1485BB2B2C60737200EE2E86 /* Sources */,
				1485BB2C2C60737200EE2E86 /* Frameworks */,
				1485BB2D2C60737200EE2E86 /* Resources */,
			);
			buildRules = (
			);
			dependencies = (
			);
			name = glasspp;
			productName = glasspp;
			productReference = 1485BB2F2C60737200EE2E86 /* glasspp.app */;
			productType = "com.apple.product-type.application";
		};
		1485BB3E2C60737500EE2E86 /* glassppTests */ = {
			isa = PBXNativeTarget;
			buildConfigurationList = 1485BB562C60737500EE2E86 /* Build configuration list for PBXNativeTarget "glassppTests" */;
			buildPhases = (
				1485BB3B2C60737500EE2E86 /* Sources */,
				1485BB3C2C60737500EE2E86 /* Frameworks */,
				1485BB3D2C60737500EE2E86 /* Resources */,
			);
			buildRules = (
			);
			dependencies = (
				1485BB412C60737500EE2E86 /* PBXTargetDependency */,
			);
			name = glassppTests;
			productName = glassppTests;
			productReference = 1485BB3F2C60737500EE2E86 /* glassppTests.xctest */;
			productType = "com.apple.product-type.bundle.unit-test";
		};
		1485BB482C60737500EE2E86 /* glassppUITests */ = {
			isa = PBXNativeTarget;
			buildConfigurationList = 1485BB592C60737500EE2E86 /* Build configuration list for PBXNativeTarget "glassppUITests" */;
			buildPhases = (
				1485BB452C60737500EE2E86 /* Sources */,
				1485BB462C60737500EE2E86 /* Frameworks */,
				1485BB472C60737500EE2E86 /* Resources */,
			);
			buildRules = (
			);
			dependencies = (
				1485BB4B2C60737500EE2E86 /* PBXTargetDependency */,
			);
			name = glassppUITests;
			productName = glassppUITests;
			productReference = 1485BB492C60737500EE2E86 /* glassppUITests.xctest */;
			productType = "com.apple.product-type.bundle.ui-testing";
		};
/* End PBXNativeTarget section */

/* Begin PBXProject section */
		1485BB272C60737200EE2E86 /* Project object */ = {
			isa = PBXProject;
			attributes = {
				BuildIndependentTargetsInParallel = 1;
				LastSwiftUpdateCheck = 1420;
				LastUpgradeCheck = 1420;
				TargetAttributes = {
					1485BB2E2C60737200EE2E86 = {
						CreatedOnToolsVersion = 14.2;
					};
					1485BB3E2C60737500EE2E86 = {
						CreatedOnToolsVersion = 14.2;
						TestTargetID = 1485BB2E2C60737200EE2E86;
					};
					1485BB482C60737500EE2E86 = {
						CreatedOnToolsVersion = 14.2;
						TestTargetID = 1485BB2E2C60737200EE2E86;
					};
				};
			};
			buildConfigurationList = 1485BB2A2C60737200EE2E86 /* Build configuration list for PBXProject "glasspp" */;
			compatibilityVersion = "Xcode 14.0";
			developmentRegion = en;
			hasScannedForEncodings = 0;
			knownRegions = (
				en,
				Base,
			);
			mainGroup = 1485BB262C60737200EE2E86;
			productRefGroup = 1485BB302C60737200EE2E86 /* Products */;
			projectDirPath = "";
			projectRoot = "";
			targets = (
				1485BB2E2C60737200EE2E86 /* glasspp */,
				1485BB3E2C60737500EE2E86 /* glassppTests */,
				1485BB482C60737500EE2E86 /* glassppUITests */,
			);
		};
/* End PBXProject section */

/* Begin PBXResourcesBuildPhase section */
		1485BB2D2C60737200EE2E86 /* Resources */ = {
			isa = PBXResourcesBuildPhase;
			buildActionMask = 2147483647;
			files = (
				1485BB3A2C60737500EE2E86 /* Preview Assets.xcassets in Resources */,
				1485BB372C60737500EE2E86 /* Assets.xcassets in Resources */,
			);
			runOnlyForDeploymentPostprocessing = 0;
		};
		1485BB3D2C60737500EE2E86 /* Resources */ = {
			isa = PBXResourcesBuildPhase;
			buildActionMask = 2147483647;
			files = (
			);
			runOnlyForDeploymentPostprocessing = 0;
		};
		1485BB472C60737500EE2E86 /* Resources */ = {
			isa = PBXResourcesBuildPhase;
			buildActionMask = 2147483647;
			files = (
			);
			runOnlyForDeploymentPostprocessing = 0;
		};
/* End PBXResourcesBuildPhase section */

/* Begin PBXSourcesBuildPhase section */
		1485BB2B2C60737200EE2E86 /* Sources */ = {
			isa = PBXSourcesBuildPhase;
			buildActionMask = 2147483647;
			files = (
				1465C98F2CA6479200033590 /* RequestView.swift in Sources */,
				1485BB352C60737200EE2E86 /* ContentView.swift in Sources */,
				1465C98D2CA6477E00033590 /* HomeView.swift in Sources */,
				1425417C2CA4B8650055B1C4 /* Request.swift in Sources */,
				1465C9912CA6542500033590 /* ProfileView.swift in Sources */,
				1485BB332C60737200EE2E86 /* glassppApp.swift in Sources */,
			);
			runOnlyForDeploymentPostprocessing = 0;
		};
		1485BB3B2C60737500EE2E86 /* Sources */ = {
			isa = PBXSourcesBuildPhase;
			buildActionMask = 2147483647;
			files = (
				1485BB442C60737500EE2E86 /* glassppTests.swift in Sources */,
			);
			runOnlyForDeploymentPostprocessing = 0;
		};
		1485BB452C60737500EE2E86 /* Sources */ = {
			isa = PBXSourcesBuildPhase;
			buildActionMask = 2147483647;
			files = (
				1485BB4E2C60737500EE2E86 /* glassppUITests.swift in Sources */,
				1485BB502C60737500EE2E86 /* glassppUITestsLaunchTests.swift in Sources */,
			);
			runOnlyForDeploymentPostprocessing = 0;
		};
/* End PBXSourcesBuildPhase section */

/* Begin PBXTargetDependency section */
		1485BB412C60737500EE2E86 /* PBXTargetDependency */ = {
			isa = PBXTargetDependency;
			target = 1485BB2E2C60737200EE2E86 /* glasspp */;
			targetProxy = 1485BB402C60737500EE2E86 /* PBXContainerItemProxy */;
		};
		1485BB4B2C60737500EE2E86 /* PBXTargetDependency */ = {
			isa = PBXTargetDependency;
			target = 1485BB2E2C60737200EE2E86 /* glasspp */;
			targetProxy = 1485BB4A2C60737500EE2E86 /* PBXContainerItemProxy */;
		};
/* End PBXTargetDependency section */

/* Begin XCBuildConfiguration section */
		1485BB512C60737500EE2E86 /* Debug */ = {
			isa = XCBuildConfiguration;
			buildSettings = {
				ALWAYS_SEARCH_USER_PATHS = NO;
				CLANG_ANALYZER_NONNULL = YES;
				CLANG_ANALYZER_NUMBER_OBJECT_CONVERSION = YES_AGGRESSIVE;
				CLANG_CXX_LANGUAGE_STANDARD = "gnu++20";
				CLANG_ENABLE_MODULES = YES;
				CLANG_ENABLE_OBJC_ARC = YES;
				CLANG_ENABLE_OBJC_WEAK = YES;
				CLANG_WARN_BLOCK_CAPTURE_AUTORELEASING = YES;
				CLANG_WARN_BOOL_CONVERSION = YES;
				CLANG_WARN_COMMA = YES;
				CLANG_WARN_CONSTANT_CONVERSION = YES;
				CLANG_WARN_DEPRECATED_OBJC_IMPLEMENTATIONS = YES;
				CLANG_WARN_DIRECT_OBJC_ISA_USAGE = YES_ERROR;
				CLANG_WARN_DOCUMENTATION_COMMENTS = YES;
				CLANG_WARN_EMPTY_BODY = YES;
				CLANG_WARN_ENUM_CONVERSION = YES;
				CLANG_WARN_INFINITE_RECURSION = YES;
				CLANG_WARN_INT_CONVERSION = YES;
				CLANG_WARN_NON_LITERAL_NULL_CONVERSION = YES;
				CLANG_WARN_OBJC_IMPLICIT_RETAIN_SELF = YES;
				CLANG_WARN_OBJC_LITERAL_CONVERSION = YES;
				CLANG_WARN_OBJC_ROOT_CLASS = YES_ERROR;
				CLANG_WARN_QUOTED_INCLUDE_IN_FRAMEWORK_HEADER = YES;
				CLANG_WARN_RANGE_LOOP_ANALYSIS = YES;
				CLANG_WARN_STRICT_PROTOTYPES = YES;
				CLANG_WARN_SUSPICIOUS_MOVE = YES;
				CLANG_WARN_UNGUARDED_AVAILABILITY = YES_AGGRESSIVE;
				CLANG_WARN_UNREACHABLE_CODE = YES;
				CLANG_WARN__DUPLICATE_METHOD_MATCH = YES;
				COPY_PHASE_STRIP = NO;
				DEBUG_INFORMATION_FORMAT = dwarf;
				ENABLE_STRICT_OBJC_MSGSEND = YES;
				ENABLE_TESTABILITY = YES;
				GCC_C_LANGUAGE_STANDARD = gnu11;
				GCC_DYNAMIC_NO_PIC = NO;
				GCC_NO_COMMON_BLOCKS = YES;
				GCC_OPTIMIZATION_LEVEL = 0;
				GCC_PREPROCESSOR_DEFINITIONS = (
					"DEBUG=1",
					"$(inherited)",
				);
				GCC_WARN_64_TO_32_BIT_CONVERSION = YES;
				GCC_WARN_ABOUT_RETURN_TYPE = YES_ERROR;
				GCC_WARN_UNDECLARED_SELECTOR = YES;
				GCC_WARN_UNINITIALIZED_AUTOS = YES_AGGRESSIVE;
				GCC_WARN_UNUSED_FUNCTION = YES;
				GCC_WARN_UNUSED_VARIABLE = YES;
				IPHONEOS_DEPLOYMENT_TARGET = 16.2;
				MTL_ENABLE_DEBUG_INFO = INCLUDE_SOURCE;
				MTL_FAST_MATH = YES;
				ONLY_ACTIVE_ARCH = YES;
				SDKROOT = iphoneos;
				SWIFT_ACTIVE_COMPILATION_CONDITIONS = DEBUG;
				SWIFT_OPTIMIZATION_LEVEL = "-Onone";
			};
			name = Debug;
		};
		1485BB522C60737500EE2E86 /* Release */ = {
			isa = XCBuildConfiguration;
			buildSettings = {
				ALWAYS_SEARCH_USER_PATHS = NO;
				CLANG_ANALYZER_NONNULL = YES;
				CLANG_ANALYZER_NUMBER_OBJECT_CONVERSION = YES_AGGRESSIVE;
				CLANG_CXX_LANGUAGE_STANDARD = "gnu++20";
				CLANG_ENABLE_MODULES = YES;
				CLANG_ENABLE_OBJC_ARC = YES;
				CLANG_ENABLE_OBJC_WEAK = YES;
				CLANG_WARN_BLOCK_CAPTURE_AUTORELEASING = YES;
				CLANG_WARN_BOOL_CONVERSION = YES;
				CLANG_WARN_COMMA = YES;
				CLANG_WARN_CONSTANT_CONVERSION = YES;
				CLANG_WARN_DEPRECATED_OBJC_IMPLEMENTATIONS = YES;
				CLANG_WARN_DIRECT_OBJC_ISA_USAGE = YES_ERROR;
				CLANG_WARN_DOCUMENTATION_COMMENTS = YES;
				CLANG_WARN_EMPTY_BODY = YES;
				CLANG_WARN_ENUM_CONVERSION = YES;
				CLANG_WARN_INFINITE_RECURSION = YES;
				CLANG_WARN_INT_CONVERSION = YES;
				CLANG_WARN_NON_LITERAL_NULL_CONVERSION = YES;
				CLANG_WARN_OBJC_IMPLICIT_RETAIN_SELF = YES;
				CLANG_WARN_OBJC_LITERAL_CONVERSION = YES;
				CLANG_WARN_OBJC_ROOT_CLASS = YES_ERROR;
				CLANG_WARN_QUOTED_INCLUDE_IN_FRAMEWORK_HEADER = YES;
				CLANG_WARN_RANGE_LOOP_ANALYSIS = YES;
				CLANG_WARN_STRICT_PROTOTYPES = YES;
				CLANG_WARN_SUSPICIOUS_MOVE = YES;
				CLANG_WARN_UNGUARDED_AVAILABILITY = YES_AGGRESSIVE;
				CLANG_WARN_UNREACHABLE_CODE = YES;
				CLANG_WARN__DUPLICATE_METHOD_MATCH = YES;
				COPY_PHASE_STRIP = NO;
				DEBUG_INFORMATION_FORMAT = "dwarf-with-dsym";
				ENABLE_NS_ASSERTIONS = NO;
				ENABLE_STRICT_OBJC_MSGSEND = YES;
				GCC_C_LANGUAGE_STANDARD = gnu11;
				GCC_NO_COMMON_BLOCKS = YES;
				GCC_WARN_64_TO_32_BIT_CONVERSION = YES;
				GCC_WARN_ABOUT_RETURN_TYPE = YES_ERROR;
				GCC_WARN_UNDECLARED_SELECTOR = YES;
				GCC_WARN_UNINITIALIZED_AUTOS = YES_AGGRESSIVE;
				GCC_WARN_UNUSED_FUNCTION = YES;
				GCC_WARN_UNUSED_VARIABLE = YES;
				IPHONEOS_DEPLOYMENT_TARGET = 16.2;
				MTL_ENABLE_DEBUG_INFO = NO;
				MTL_FAST_MATH = YES;
				SDKROOT = iphoneos;
				SWIFT_COMPILATION_MODE = wholemodule;
				SWIFT_OPTIMIZATION_LEVEL = "-O";
				VALIDATE_PRODUCT = YES;
			};
			name = Release;
		};
		1485BB542C60737500EE2E86 /* Debug */ = {
			isa = XCBuildConfiguration;
			buildSettings = {
				ASSETCATALOG_COMPILER_APPICON_NAME = AppIcon;
				ASSETCATALOG_COMPILER_GLOBAL_ACCENT_COLOR_NAME = AccentColor;
				CODE_SIGN_STYLE = Automatic;
				CURRENT_PROJECT_VERSION = 1;
				DEVELOPMENT_ASSET_PATHS = "\"glasspp/Preview Content\"";
				DEVELOPMENT_TEAM = W85RSXDL9R;
				ENABLE_PREVIEWS = YES;
				GENERATE_INFOPLIST_FILE = YES;
				INFOPLIST_KEY_UIApplicationSceneManifest_Generation = YES;
				INFOPLIST_KEY_UIApplicationSupportsIndirectInputEvents = YES;
				INFOPLIST_KEY_UILaunchScreen_Generation = YES;
				INFOPLIST_KEY_UISupportedInterfaceOrientations_iPad = "UIInterfaceOrientationPortrait UIInterfaceOrientationPortraitUpsideDown UIInterfaceOrientationLandscapeLeft UIInterfaceOrientationLandscapeRight";
				INFOPLIST_KEY_UISupportedInterfaceOrientations_iPhone = "UIInterfaceOrientationPortrait UIInterfaceOrientationLandscapeLeft UIInterfaceOrientationLandscapeRight";
				LD_RUNPATH_SEARCH_PATHS = (
					"$(inherited)",
					"@executable_path/Frameworks",
				);
				MARKETING_VERSION = 1.0;
				PRODUCT_BUNDLE_IDENTIFIER = zacknguyen.glasspp;
				PRODUCT_NAME = "$(TARGET_NAME)";
				SWIFT_EMIT_LOC_STRINGS = YES;
				SWIFT_VERSION = 5.0;
				TARGETED_DEVICE_FAMILY = "1,2";
			};
			name = Debug;
		};
		1485BB552C60737500EE2E86 /* Release */ = {
			isa = XCBuildConfiguration;
			buildSettings = {
				ASSETCATALOG_COMPILER_APPICON_NAME = AppIcon;
				ASSETCATALOG_COMPILER_GLOBAL_ACCENT_COLOR_NAME = AccentColor;
				CODE_SIGN_STYLE = Automatic;
				CURRENT_PROJECT_VERSION = 1;
				DEVELOPMENT_ASSET_PATHS = "\"glasspp/Preview Content\"";
				DEVELOPMENT_TEAM = W85RSXDL9R;
				ENABLE_PREVIEWS = YES;
				GENERATE_INFOPLIST_FILE = YES;
				INFOPLIST_KEY_UIApplicationSceneManifest_Generation = YES;
				INFOPLIST_KEY_UIApplicationSupportsIndirectInputEvents = YES;
				INFOPLIST_KEY_UILaunchScreen_Generation = YES;
				INFOPLIST_KEY_UISupportedInterfaceOrientations_iPad = "UIInterfaceOrientationPortrait UIInterfaceOrientationPortraitUpsideDown UIInterfaceOrientationLandscapeLeft UIInterfaceOrientationLandscapeRight";
				INFOPLIST_KEY_UISupportedInterfaceOrientations_iPhone = "UIInterfaceOrientationPortrait UIInterfaceOrientationLandscapeLeft UIInterfaceOrientationLandscapeRight";
				LD_RUNPATH_SEARCH_PATHS = (
					"$(inherited)",
					"@executable_path/Frameworks",
				);
				MARKETING_VERSION = 1.0;
				PRODUCT_BUNDLE_IDENTIFIER = zacknguyen.glasspp;
				PRODUCT_NAME = "$(TARGET_NAME)";
				SWIFT_EMIT_LOC_STRINGS = YES;
				SWIFT_VERSION = 5.0;
				TARGETED_DEVICE_FAMILY = "1,2";
			};
			name = Release;
		};
		1485BB572C60737500EE2E86 /* Debug */ = {
			isa = XCBuildConfiguration;
			buildSettings = {
				ALWAYS_EMBED_SWIFT_STANDARD_LIBRARIES = YES;
				BUNDLE_LOADER = "$(TEST_HOST)";
				CODE_SIGN_STYLE = Automatic;
				CURRENT_PROJECT_VERSION = 1;
				DEVELOPMENT_TEAM = W85RSXDL9R;
				GENERATE_INFOPLIST_FILE = YES;
				IPHONEOS_DEPLOYMENT_TARGET = 16.2;
				MARKETING_VERSION = 1.0;
				PRODUCT_BUNDLE_IDENTIFIER = zacknguyen.glassppTests;
				PRODUCT_NAME = "$(TARGET_NAME)";
				SWIFT_EMIT_LOC_STRINGS = NO;
				SWIFT_VERSION = 5.0;
				TARGETED_DEVICE_FAMILY = "1,2";
				TEST_HOST = "$(BUILT_PRODUCTS_DIR)/glasspp.app/$(BUNDLE_EXECUTABLE_FOLDER_PATH)/glasspp";
			};
			name = Debug;
		};
		1485BB582C60737500EE2E86 /* Release */ = {
			isa = XCBuildConfiguration;
			buildSettings = {
				ALWAYS_EMBED_SWIFT_STANDARD_LIBRARIES = YES;
				BUNDLE_LOADER = "$(TEST_HOST)";
				CODE_SIGN_STYLE = Automatic;
				CURRENT_PROJECT_VERSION = 1;
				DEVELOPMENT_TEAM = W85RSXDL9R;
				GENERATE_INFOPLIST_FILE = YES;
				IPHONEOS_DEPLOYMENT_TARGET = 16.2;
				MARKETING_VERSION = 1.0;
				PRODUCT_BUNDLE_IDENTIFIER = zacknguyen.glassppTests;
				PRODUCT_NAME = "$(TARGET_NAME)";
				SWIFT_EMIT_LOC_STRINGS = NO;
				SWIFT_VERSION = 5.0;
				TARGETED_DEVICE_FAMILY = "1,2";
				TEST_HOST = "$(BUILT_PRODUCTS_DIR)/glasspp.app/$(BUNDLE_EXECUTABLE_FOLDER_PATH)/glasspp";
			};
			name = Release;
		};
		1485BB5A2C60737500EE2E86 /* Debug */ = {
			isa = XCBuildConfiguration;
			buildSettings = {
				ALWAYS_EMBED_SWIFT_STANDARD_LIBRARIES = YES;
				CODE_SIGN_STYLE = Automatic;
				CURRENT_PROJECT_VERSION = 1;
				DEVELOPMENT_TEAM = W85RSXDL9R;
				GENERATE_INFOPLIST_FILE = YES;
				MARKETING_VERSION = 1.0;
				PRODUCT_BUNDLE_IDENTIFIER = zacknguyen.glassppUITests;
				PRODUCT_NAME = "$(TARGET_NAME)";
				SWIFT_EMIT_LOC_STRINGS = NO;
				SWIFT_VERSION = 5.0;
				TARGETED_DEVICE_FAMILY = "1,2";
				TEST_TARGET_NAME = glasspp;
			};
			name = Debug;
		};
		1485BB5B2C60737500EE2E86 /* Release */ = {
			isa = XCBuildConfiguration;
			buildSettings = {
				ALWAYS_EMBED_SWIFT_STANDARD_LIBRARIES = YES;
				CODE_SIGN_STYLE = Automatic;
				CURRENT_PROJECT_VERSION = 1;
				DEVELOPMENT_TEAM = W85RSXDL9R;
				GENERATE_INFOPLIST_FILE = YES;
				MARKETING_VERSION = 1.0;
				PRODUCT_BUNDLE_IDENTIFIER = zacknguyen.glassppUITests;
				PRODUCT_NAME = "$(TARGET_NAME)";
				SWIFT_EMIT_LOC_STRINGS = NO;
				SWIFT_VERSION = 5.0;
				TARGETED_DEVICE_FAMILY = "1,2";
				TEST_TARGET_NAME = glasspp;
			};
			name = Release;
		};
/* End XCBuildConfiguration section */

/* Begin XCConfigurationList section */
		1485BB2A2C60737200EE2E86 /* Build configuration list for PBXProject "glasspp" */ = {
			isa = XCConfigurationList;
			buildConfigurations = (
				1485BB512C60737500EE2E86 /* Debug */,
				1485BB522C60737500EE2E86 /* Release */,
			);
			defaultConfigurationIsVisible = 0;
			defaultConfigurationName = Release;
		};
		1485BB532C60737500EE2E86 /* Build configuration list for PBXNativeTarget "glasspp" */ = {
			isa = XCConfigurationList;
			buildConfigurations = (
				1485BB542C60737500EE2E86 /* Debug */,
				1485BB552C60737500EE2E86 /* Release */,
			);
			defaultConfigurationIsVisible = 0;
			defaultConfigurationName = Release;
		};
		1485BB562C60737500EE2E86 /* Build configuration list for PBXNativeTarget "glassppTests" */ = {
			isa = XCConfigurationList;
			buildConfigurations = (
				1485BB572C60737500EE2E86 /* Debug */,
				1485BB582C60737500EE2E86 /* Release */,
			);
			defaultConfigurationIsVisible = 0;
			defaultConfigurationName = Release;
		};
		1485BB592C60737500EE2E86 /* Build configuration list for PBXNativeTarget "glassppUITests" */ = {
			isa = XCConfigurationList;
			buildConfigurations = (
				1485BB5A2C60737500EE2E86 /* Debug */,
				1485BB5B2C60737500EE2E86 /* Release */,
			);
			defaultConfigurationIsVisible = 0;
			defaultConfigurationName = Release;
		};
/* End XCConfigurationList section */
	};
	rootObject = 1485BB272C60737200EE2E86 /* Project object */;
}
